
Microsoft Visual Studio Solution File, Format Version 12.00
# Visual Studio 15
VisualStudioVersion = 15.0.28307.1209
MinimumVisualStudioVersion = 10.0.40219.1
Project("{FAE04EC0-301F-11D3-BF4B-00C04F79EFBC}") = "MixiShop", "MixiShop\MixiShop.csproj", "{DA664E23-EF33-465F-BD31-E7EB619EDB20}"
EndProject
Global
	GlobalSection(SolutionConfigurationPlatforms) = preSolution
		Debug|Any CPU = Debug|Any CPU
		Release|Any CPU = Release|Any CPU
	EndGlobalSection
	GlobalSection(ProjectConfigurationPlatforms) = postSolution
		{DA664E23-EF33-465F-BD31-E7EB619EDB20}.Debug|Any CPU.ActiveCfg = Debug|Any CPU
		{DA664E23-EF33-465F-BD31-E7EB619EDB20}.Debug|Any CPU.Build.0 = Debug|Any CPU
		{DA664E23-EF33-465F-BD31-E7EB619EDB20}.Release|Any CPU.ActiveCfg = Release|Any CPU
		{DA664E23-EF33-465F-BD31-E7EB619EDB20}.Release|Any CPU.Build.0 = Release|Any CPU
	EndGlobalSection
	GlobalSection(SolutionProperties) = preSolution
		HideSolutionNode = FALSE
	EndGlobalSection
	GlobalSection(ExtensibilityGlobals) = postSolution
		SolutionGuid = {1229D7E5-75C4-4A2B-8571-B86737E8E888}
	EndGlobalSection
EndGlobal
